
Microsoft Visual Studio Solution File, Format Version 12.00
# Visual Studio Version 17
VisualStudioVersion = 17.5.33502.453
MinimumVisualStudioVersion = 10.0.40219.1
Project("{9A19103F-16F7-4668-BE54-9A1E7A4F7556}") = "Penfolio2", "Penfolio2\Penfolio2.csproj", "{2310F4E0-34BE-41FD-813E-F5E85609C5DA}"
EndProject
Project("{2150E333-8FDC-42A3-9474-1A3956D46DE8}") = "Solution Items", "Solution Items", "{8B6995B9-186D-4B4A-AA4C-73962838AD32}"
	ProjectSection(SolutionItems) = preProject
		ConnectionStrings.config = ConnectionStrings.config
		HelpfulSources.txt = HelpfulSources.txt
	EndProjectSection
EndProject
Global
	GlobalSection(SolutionConfigurationPlatforms) = preSolution
		Debug|Any CPU = Debug|Any CPU
		Release|Any CPU = Release|Any CPU
	EndGlobalSection
	GlobalSection(ProjectConfigurationPlatforms) = postSolution
		{2310F4E0-34BE-41FD-813E-F5E85609C5DA}.Debug|Any CPU.ActiveCfg = Debug|Any CPU
		{2310F4E0-34BE-41FD-813E-F5E85609C5DA}.Debug|Any CPU.Build.0 = Debug|Any CPU
		{2310F4E0-34BE-41FD-813E-F5E85609C5DA}.Release|Any CPU.ActiveCfg = Release|Any CPU
		{2310F4E0-34BE-41FD-813E-F5E85609C5DA}.Release|Any CPU.Build.0 = Release|Any CPU
	EndGlobalSection
	GlobalSection(SolutionProperties) = preSolution
		HideSolutionNode = FALSE
	EndGlobalSection
	GlobalSection(ExtensibilityGlobals) = postSolution
		SolutionGuid = {D2B79756-2157-46CB-8471-DFF356436DD9}
	EndGlobalSection
EndGlobal
